
Microsoft Visual Studio Solution File, Format Version 12.00
# Visual Studio Version 16
VisualStudioVersion = 16.0.31410.357
MinimumVisualStudioVersion = 10.0.40219.1
Project("{888888A0-9F3D-457C-B088-3A5042F75D52}") = "PythonApplication1(20210707)", "PythonApplication1(20210707)\PythonApplication1(20210707).pyproj", "{7F04E174-951D-44EB-9203-9968A313B7E2}"
EndProject
Global
	GlobalSection(SolutionConfigurationPlatforms) = preSolution
		Debug|Any CPU = Debug|Any CPU
		Release|Any CPU = Release|Any CPU
	EndGlobalSection
	GlobalSection(ProjectConfigurationPlatforms) = postSolution
		{7F04E174-951D-44EB-9203-9968A313B7E2}.Debug|Any CPU.ActiveCfg = Debug|Any CPU
		{7F04E174-951D-44EB-9203-9968A313B7E2}.Release|Any CPU.ActiveCfg = Release|Any CPU
	EndGlobalSection
	GlobalSection(SolutionProperties) = preSolution
		HideSolutionNode = FALSE
	EndGlobalSection
	GlobalSection(ExtensibilityGlobals) = postSolution
		SolutionGuid = {26479BFC-B345-4902-B55A-3B082AA61739}
	EndGlobalSection
EndGlobal
