
Microsoft Visual Studio Solution File, Format Version 12.00
# Visual Studio Version 16
VisualStudioVersion = 16.0.31205.134
MinimumVisualStudioVersion = 10.0.40219.1
Project("{FAE04EC0-301F-11D3-BF4B-00C04F79EFBC}") = "ApplicationDev_do", "WindowsFormsApp2\ApplicationDev_do.csproj", "{52AD66FE-D3E2-40F0-8B32-AC5D6964D55B}"
EndProject
Global
	GlobalSection(SolutionConfigurationPlatforms) = preSolution
		Debug|Any CPU = Debug|Any CPU
		Release|Any CPU = Release|Any CPU
	EndGlobalSection
	GlobalSection(ProjectConfigurationPlatforms) = postSolution
		{52AD66FE-D3E2-40F0-8B32-AC5D6964D55B}.Debug|Any CPU.ActiveCfg = Debug|Any CPU
		{52AD66FE-D3E2-40F0-8B32-AC5D6964D55B}.Debug|Any CPU.Build.0 = Debug|Any CPU
		{52AD66FE-D3E2-40F0-8B32-AC5D6964D55B}.Release|Any CPU.ActiveCfg = Release|Any CPU
		{52AD66FE-D3E2-40F0-8B32-AC5D6964D55B}.Release|Any CPU.Build.0 = Release|Any CPU
	EndGlobalSection
	GlobalSection(SolutionProperties) = preSolution
		HideSolutionNode = FALSE
	EndGlobalSection
	GlobalSection(ExtensibilityGlobals) = postSolution
		SolutionGuid = {49A12F01-698E-4369-B3E3-4A1EFAB6C4AD}
	EndGlobalSection
EndGlobal
